
Microsoft Visual Studio Solution File, Format Version 12.00
Project("{FAE04EC0-301F-11D3-BF4B-00C04F79EFBC}") = "IDomain", "IDomain\IDomain.csproj", "{577CE4B0-B579-41FD-A96E-3224DE401EB2}"
EndProject
Project("{FAE04EC0-301F-11D3-BF4B-00C04F79EFBC}") = "TestDomain", "TestDomain\TestDomain.csproj", "{F1CAA4DD-44E5-47EB-BB01-83938E9B380D}"
EndProject
Project("{FAE04EC0-301F-11D3-BF4B-00C04F79EFBC}") = "Domain", "Domain\Domain.csproj", "{2ED851AF-F7C6-4605-8D9E-6BAF9178A52C}"
EndProject
Project("{FAE04EC0-301F-11D3-BF4B-00C04F79EFBC}") = "TestDataAccess", "TestDataAccess\TestDataAccess.csproj", "{529C2EB9-AE2A-420D-8925-418E9A7591EF}"
EndProject
Project("{FAE04EC0-301F-11D3-BF4B-00C04F79EFBC}") = "DataAccess", "DataAccess\DataAccess.csproj", "{97E27B62-4206-4D06-A0EB-B1AFE6794E24}"
EndProject
Project("{FAE04EC0-301F-11D3-BF4B-00C04F79EFBC}") = "IDataAccess", "IDataAccess\IDataAccess.csproj", "{F6EF55CA-18A0-4BBC-B61E-BB269E18349F}"
EndProject
Project("{FAE04EC0-301F-11D3-BF4B-00C04F79EFBC}") = "WebApi", "WebApi\WebApi.csproj", "{E03A81DD-9D78-4C7E-B32D-12277604E13B}"
EndProject
Project("{FAE04EC0-301F-11D3-BF4B-00C04F79EFBC}") = "TestService", "TestService\TestService.csproj", "{74646BC3-DCCC-44A3-916F-0CDEC8D816CC}"
EndProject
Project("{FAE04EC0-301F-11D3-BF4B-00C04F79EFBC}") = "BusinessLogic", "BusinessLogic\BusinessLogic.csproj", "{00DD5C4C-11FD-45C6-861D-6BCCE693B6EA}"
EndProject
Global
	GlobalSection(SolutionConfigurationPlatforms) = preSolution
		Debug|Any CPU = Debug|Any CPU
		Release|Any CPU = Release|Any CPU
	EndGlobalSection
	GlobalSection(ProjectConfigurationPlatforms) = postSolution
		{577CE4B0-B579-41FD-A96E-3224DE401EB2}.Debug|Any CPU.ActiveCfg = Debug|Any CPU
		{577CE4B0-B579-41FD-A96E-3224DE401EB2}.Debug|Any CPU.Build.0 = Debug|Any CPU
		{577CE4B0-B579-41FD-A96E-3224DE401EB2}.Release|Any CPU.ActiveCfg = Release|Any CPU
		{577CE4B0-B579-41FD-A96E-3224DE401EB2}.Release|Any CPU.Build.0 = Release|Any CPU
		{F1CAA4DD-44E5-47EB-BB01-83938E9B380D}.Debug|Any CPU.ActiveCfg = Debug|Any CPU
		{F1CAA4DD-44E5-47EB-BB01-83938E9B380D}.Debug|Any CPU.Build.0 = Debug|Any CPU
		{F1CAA4DD-44E5-47EB-BB01-83938E9B380D}.Release|Any CPU.ActiveCfg = Release|Any CPU
		{F1CAA4DD-44E5-47EB-BB01-83938E9B380D}.Release|Any CPU.Build.0 = Release|Any CPU
		{2ED851AF-F7C6-4605-8D9E-6BAF9178A52C}.Debug|Any CPU.ActiveCfg = Debug|Any CPU
		{2ED851AF-F7C6-4605-8D9E-6BAF9178A52C}.Debug|Any CPU.Build.0 = Debug|Any CPU
		{2ED851AF-F7C6-4605-8D9E-6BAF9178A52C}.Release|Any CPU.ActiveCfg = Release|Any CPU
		{2ED851AF-F7C6-4605-8D9E-6BAF9178A52C}.Release|Any CPU.Build.0 = Release|Any CPU
		{529C2EB9-AE2A-420D-8925-418E9A7591EF}.Debug|Any CPU.ActiveCfg = Debug|Any CPU
		{529C2EB9-AE2A-420D-8925-418E9A7591EF}.Debug|Any CPU.Build.0 = Debug|Any CPU
		{529C2EB9-AE2A-420D-8925-418E9A7591EF}.Release|Any CPU.ActiveCfg = Release|Any CPU
		{529C2EB9-AE2A-420D-8925-418E9A7591EF}.Release|Any CPU.Build.0 = Release|Any CPU
		{97E27B62-4206-4D06-A0EB-B1AFE6794E24}.Debug|Any CPU.ActiveCfg = Debug|Any CPU
		{97E27B62-4206-4D06-A0EB-B1AFE6794E24}.Debug|Any CPU.Build.0 = Debug|Any CPU
		{97E27B62-4206-4D06-A0EB-B1AFE6794E24}.Release|Any CPU.ActiveCfg = Release|Any CPU
		{97E27B62-4206-4D06-A0EB-B1AFE6794E24}.Release|Any CPU.Build.0 = Release|Any CPU
		{F6EF55CA-18A0-4BBC-B61E-BB269E18349F}.Debug|Any CPU.ActiveCfg = Debug|Any CPU
		{F6EF55CA-18A0-4BBC-B61E-BB269E18349F}.Debug|Any CPU.Build.0 = Debug|Any CPU
		{F6EF55CA-18A0-4BBC-B61E-BB269E18349F}.Release|Any CPU.ActiveCfg = Release|Any CPU
		{F6EF55CA-18A0-4BBC-B61E-BB269E18349F}.Release|Any CPU.Build.0 = Release|Any CPU
		{E03A81DD-9D78-4C7E-B32D-12277604E13B}.Debug|Any CPU.ActiveCfg = Debug|Any CPU
		{E03A81DD-9D78-4C7E-B32D-12277604E13B}.Debug|Any CPU.Build.0 = Debug|Any CPU
		{E03A81DD-9D78-4C7E-B32D-12277604E13B}.Release|Any CPU.ActiveCfg = Release|Any CPU
		{E03A81DD-9D78-4C7E-B32D-12277604E13B}.Release|Any CPU.Build.0 = Release|Any CPU
		{74646BC3-DCCC-44A3-916F-0CDEC8D816CC}.Debug|Any CPU.ActiveCfg = Debug|Any CPU
		{74646BC3-DCCC-44A3-916F-0CDEC8D816CC}.Debug|Any CPU.Build.0 = Debug|Any CPU
		{74646BC3-DCCC-44A3-916F-0CDEC8D816CC}.Release|Any CPU.ActiveCfg = Release|Any CPU
		{74646BC3-DCCC-44A3-916F-0CDEC8D816CC}.Release|Any CPU.Build.0 = Release|Any CPU
		{00DD5C4C-11FD-45C6-861D-6BCCE693B6EA}.Debug|Any CPU.ActiveCfg = Debug|Any CPU
		{00DD5C4C-11FD-45C6-861D-6BCCE693B6EA}.Debug|Any CPU.Build.0 = Debug|Any CPU
		{00DD5C4C-11FD-45C6-861D-6BCCE693B6EA}.Release|Any CPU.ActiveCfg = Release|Any CPU
		{00DD5C4C-11FD-45C6-861D-6BCCE693B6EA}.Release|Any CPU.Build.0 = Release|Any CPU
	EndGlobalSection
EndGlobal
